
Microsoft Visual Studio Solution File, Format Version 12.00
# Visual Studio Version 17
VisualStudioVersion = 17.14.36518.9
MinimumVisualStudioVersion = 10.0.40219.1
Project("{8BC9CEB8-8B4A-11D0-8D11-00A0C91BC942}") = "BDV-2025", "BDV-2025\BDV-2025.vcxproj", "{C6BACC1C-EDCC-48A7-9A91-E138D96698FA}"
EndProject
Project("{8BC9CEB8-8B4A-11D0-8D11-00A0C91BC942}") = "Assembler", "Assembler\Assembler.vcxproj", "{897B7E2A-BBB9-44E2-BEF2-CBA1079B6B28}"
EndProject
Project("{8BC9CEB8-8B4A-11D0-8D11-00A0C91BC942}") = "StaticLibrary", "StaticLibrary\StaticLibrary.vcxproj", "{C60A7CFE-0332-411D-AA36-A5BAFF0980CB}"
EndProject
Global
	GlobalSection(SolutionConfigurationPlatforms) = preSolution
		Debug|x64 = Debug|x64
		Debug|x86 = Debug|x86
		Release|x64 = Release|x64
		Release|x86 = Release|x86
	EndGlobalSection
	GlobalSection(ProjectConfigurationPlatforms) = postSolution
		{C6BACC1C-EDCC-48A7-9A91-E138D96698FA}.Debug|x64.ActiveCfg = Debug|x64
		{C6BACC1C-EDCC-48A7-9A91-E138D96698FA}.Debug|x64.Build.0 = Debug|x64
		{C6BACC1C-EDCC-48A7-9A91-E138D96698FA}.Debug|x86.ActiveCfg = Debug|Win32
		{C6BACC1C-EDCC-48A7-9A91-E138D96698FA}.Debug|x86.Build.0 = Debug|Win32
		{C6BACC1C-EDCC-48A7-9A91-E138D96698FA}.Release|x64.ActiveCfg = Release|x64
		{C6BACC1C-EDCC-48A7-9A91-E138D96698FA}.Release|x64.Build.0 = Release|x64
		{C6BACC1C-EDCC-48A7-9A91-E138D96698FA}.Release|x86.ActiveCfg = Release|Win32
		{C6BACC1C-EDCC-48A7-9A91-E138D96698FA}.Release|x86.Build.0 = Release|Win32
		{897B7E2A-BBB9-44E2-BEF2-CBA1079B6B28}.Debug|x64.ActiveCfg = Debug|Win32
		{897B7E2A-BBB9-44E2-BEF2-CBA1079B6B28}.Debug|x64.Build.0 = Debug|Win32
		{897B7E2A-BBB9-44E2-BEF2-CBA1079B6B28}.Debug|x86.ActiveCfg = Debug|Win32
		{897B7E2A-BBB9-44E2-BEF2-CBA1079B6B28}.Debug|x86.Build.0 = Debug|Win32
		{897B7E2A-BBB9-44E2-BEF2-CBA1079B6B28}.Release|x64.ActiveCfg = Release|x64
		{897B7E2A-BBB9-44E2-BEF2-CBA1079B6B28}.Release|x64.Build.0 = Release|x64
		{897B7E2A-BBB9-44E2-BEF2-CBA1079B6B28}.Release|x86.ActiveCfg = Release|Win32
		{897B7E2A-BBB9-44E2-BEF2-CBA1079B6B28}.Release|x86.Build.0 = Release|Win32
		{C60A7CFE-0332-411D-AA36-A5BAFF0980CB}.Debug|x64.ActiveCfg = Debug|x64
		{C60A7CFE-0332-411D-AA36-A5BAFF0980CB}.Debug|x64.Build.0 = Debug|x64
		{C60A7CFE-0332-411D-AA36-A5BAFF0980CB}.Debug|x86.ActiveCfg = Debug|Win32
		{C60A7CFE-0332-411D-AA36-A5BAFF0980CB}.Debug|x86.Build.0 = Debug|Win32
		{C60A7CFE-0332-411D-AA36-A5BAFF0980CB}.Release|x64.ActiveCfg = Release|x64
		{C60A7CFE-0332-411D-AA36-A5BAFF0980CB}.Release|x64.Build.0 = Release|x64
		{C60A7CFE-0332-411D-AA36-A5BAFF0980CB}.Release|x86.ActiveCfg = Release|Win32
		{C60A7CFE-0332-411D-AA36-A5BAFF0980CB}.Release|x86.Build.0 = Release|Win32
	EndGlobalSection
	GlobalSection(SolutionProperties) = preSolution
		HideSolutionNode = FALSE
	EndGlobalSection
	GlobalSection(ExtensibilityGlobals) = postSolution
		SolutionGuid = {CB9BAB78-9B3E-4658-A5FA-0A56DA5B3670}
	EndGlobalSection
EndGlobal
